
Microsoft Visual Studio Solution File, Format Version 12.00
# Visual Studio Version 17
VisualStudioVersion = 17.1.32407.343
MinimumVisualStudioVersion = 10.0.40219.1
Project("{FAE04EC0-301F-11D3-BF4B-00C04F79EFBC}") = "MyMusic", "MyMusic\MyMusic.csproj", "{DD13B3FE-B51F-4CF6-B30F-7D6402BE251C}"
EndProject
Global
	GlobalSection(SolutionConfigurationPlatforms) = preSolution
		Debug|Any CPU = Debug|Any CPU
		Release|Any CPU = Release|Any CPU
	EndGlobalSection
	GlobalSection(ProjectConfigurationPlatforms) = postSolution
		{DD13B3FE-B51F-4CF6-B30F-7D6402BE251C}.Debug|Any CPU.ActiveCfg = Debug|Any CPU
		{DD13B3FE-B51F-4CF6-B30F-7D6402BE251C}.Debug|Any CPU.Build.0 = Debug|Any CPU
		{DD13B3FE-B51F-4CF6-B30F-7D6402BE251C}.Release|Any CPU.ActiveCfg = Release|Any CPU
		{DD13B3FE-B51F-4CF6-B30F-7D6402BE251C}.Release|Any CPU.Build.0 = Release|Any CPU
	EndGlobalSection
	GlobalSection(SolutionProperties) = preSolution
		HideSolutionNode = FALSE
	EndGlobalSection
	GlobalSection(ExtensibilityGlobals) = postSolution
		SolutionGuid = {D354E9A8-F2B2-4C4B-8CA3-16245F771CFD}
	EndGlobalSection
EndGlobal
